
Microsoft Visual Studio Solution File, Format Version 12.00
# Visual Studio Version 16
VisualStudioVersion = 16.0.31729.503
MinimumVisualStudioVersion = 10.0.40219.1
Project("{FAE04EC0-301F-11D3-BF4B-00C04F79EFBC}") = "MediaShareMVC_Core", "MediaShareMVC_Core\MediaShareMVC_Core.csproj", "{DA3040B1-D2CC-4465-A846-EDB2D24F8B6F}"
EndProject
Global
	GlobalSection(SolutionConfigurationPlatforms) = preSolution
		Debug|Any CPU = Debug|Any CPU
		Release|Any CPU = Release|Any CPU
	EndGlobalSection
	GlobalSection(ProjectConfigurationPlatforms) = postSolution
		{DA3040B1-D2CC-4465-A846-EDB2D24F8B6F}.Debug|Any CPU.ActiveCfg = Debug|Any CPU
		{DA3040B1-D2CC-4465-A846-EDB2D24F8B6F}.Debug|Any CPU.Build.0 = Debug|Any CPU
		{DA3040B1-D2CC-4465-A846-EDB2D24F8B6F}.Release|Any CPU.ActiveCfg = Release|Any CPU
		{DA3040B1-D2CC-4465-A846-EDB2D24F8B6F}.Release|Any CPU.Build.0 = Release|Any CPU
	EndGlobalSection
	GlobalSection(SolutionProperties) = preSolution
		HideSolutionNode = FALSE
	EndGlobalSection
	GlobalSection(ExtensibilityGlobals) = postSolution
		SolutionGuid = {D05D5AA5-3A78-4613-9B7F-BDA5241A6D5F}
	EndGlobalSection
EndGlobal
